// !$*UTF8*$!
{
	archiveVersion = 1;
	classes = {
	};
	objectVersion = 50;
	objects = {

/* Begin PBXBuildFile section */
		3E0F65035CA1C4878D315E4E /* Pods_Flowery.framework in Frameworks */ = {isa = PBXBuildFile; fileRef = 392938C8ABD95048BD6E088A /* Pods_Flowery.framework */; };
		3EC7D6462197272900CF2EAA /* AppDelegate.swift in Sources */ = {isa = PBXBuildFile; fileRef = 3EC7D6452197272900CF2EAA /* AppDelegate.swift */; };
		3EC7D6482197272900CF2EAA /* ViewController.swift in Sources */ = {isa = PBXBuildFile; fileRef = 3EC7D6472197272900CF2EAA /* ViewController.swift */; };
		3EC7D64B2197272900CF2EAA /* Main.storyboard in Resources */ = {isa = PBXBuildFile; fileRef = 3EC7D6492197272900CF2EAA /* Main.storyboard */; };
		3EC7D64D2197272B00CF2EAA /* Assets.xcassets in Resources */ = {isa = PBXBuildFile; fileRef = 3EC7D64C2197272B00CF2EAA /* Assets.xcassets */; };
		3EC7D6502197272B00CF2EAA /* LaunchScreen.storyboard in Resources */ = {isa = PBXBuildFile; fileRef = 3EC7D64E2197272B00CF2EAA /* LaunchScreen.storyboard */; };
/* End PBXBuildFile section */

/* Begin PBXFileReference section */
		1B4B7DEF590796DE1A42DA04 /* Pods-Flowery.release.xcconfig */ = {isa = PBXFileReference; includeInIndex = 1; lastKnownFileType = text.xcconfig; name = "Pods-Flowery.release.xcconfig"; path = "Pods/Target Support Files/Pods-Flowery/Pods-Flowery.release.xcconfig"; sourceTree = "<group>"; };
		392938C8ABD95048BD6E088A /* Pods_Flowery.framework */ = {isa = PBXFileReference; explicitFileType = wrapper.framework; includeInIndex = 0; path = Pods_Flowery.framework; sourceTree = BUILT_PRODUCTS_DIR; };
		3EC7D6422197272900CF2EAA /* Flowery.app */ = {isa = PBXFileReference; explicitFileType = wrapper.application; includeInIndex = 0; path = Flowery.app; sourceTree = BUILT_PRODUCTS_DIR; };
		3EC7D6452197272900CF2EAA /* AppDelegate.swift */ = {isa = PBXFileReference; lastKnownFileType = sourcecode.swift; path = AppDelegate.swift; sourceTree = "<group>"; };
		3EC7D6472197272900CF2EAA /* ViewController.swift */ = {isa = PBXFileReference; lastKnownFileType = sourcecode.swift; path = ViewController.swift; sourceTree = "<group>"; };
		3EC7D64A2197272900CF2EAA /* Base */ = {isa = PBXFileReference; lastKnownFileType = file.storyboard; name = Base; path = Base.lproj/Main.storyboard; sourceTree = "<group>"; };
		3EC7D64C2197272B00CF2EAA /* Assets.xcassets */ = {isa = PBXFileReference; lastKnownFileType = folder.assetcatalog; path = Assets.xcassets; sourceTree = "<group>"; };
		3EC7D64F2197272B00CF2EAA /* Base */ = {isa = PBXFileReference; lastKnownFileType = file.storyboard; name = Base; path = Base.lproj/LaunchScreen.storyboard; sourceTree = "<group>"; };
		3EC7D6512197272B00CF2EAA /* Info.plist */ = {isa = PBXFileReference; lastKnownFileType = text.plist.xml; path = Info.plist; sourceTree = "<group>"; };
		514A5AB895E33880D154EFC6 /* Pods-Flowery.debug.xcconfig */ = {isa = PBXFileReference; includeInIndex = 1; lastKnownFileType = text.xcconfig; name = "Pods-Flowery.debug.xcconfig"; path = "Pods/Target Support Files/Pods-Flowery/Pods-Flowery.debug.xcconfig"; sourceTree = "<group>"; };
/* End PBXFileReference section */

/* Begin PBXFrameworksBuildPhase section */
		3EC7D63F2197272900CF2EAA /* Frameworks */ = {
			isa = PBXFrameworksBuildPhase;
			buildActionMask = 2147483647;
			files = (
				3E0F65035CA1C4878D315E4E /* Pods_Flowery.framework in Frameworks */,
			);
			runOnlyForDeploymentPostprocessing = 0;
		};
/* End PBXFrameworksBuildPhase section */

/* Begin PBXGroup section */
		1E10B4C515564B7BBBC215D1 /* Frameworks */ = {
			isa = PBXGroup;
			children = (
				392938C8ABD95048BD6E088A /* Pods_Flowery.framework */,
			);
			name = Frameworks;
			sourceTree = "<group>";
		};
		3EC7D6392197272900CF2EAA = {
			isa = PBXGroup;
			children = (
				3EC7D6442197272900CF2EAA /* Flowery */,
				3EC7D6432197272900CF2EAA /* Products */,
				7AD048F2EFF3919CC3CCAE4E /* Pods */,
				1E10B4C515564B7BBBC215D1 /* Frameworks */,
			);
			sourceTree = "<group>";
		};
		3EC7D6432197272900CF2EAA /* Products */ = {
			isa = PBXGroup;
			children = (
				3EC7D6422197272900CF2EAA /* Flowery.app */,
			);
			name = Products;
			sourceTree = "<group>";
		};
		3EC7D6442197272900CF2EAA /* Flowery */ = {
			isa = PBXGroup;
			children = (
				3EC7D6452197272900CF2EAA /* AppDelegate.swift */,
				3EC7D6472197272900CF2EAA /* ViewController.swift */,
				3EC7D6492197272900CF2EAA /* Main.storyboard */,
				3EC7D64C2197272B00CF2EAA /* Assets.xcassets */,
				3EC7D64E2197272B00CF2EAA /* LaunchScreen.storyboard */,
				3EC7D6512197272B00CF2EAA /* Info.plist */,
			);
			path = Flowery;
			sourceTree = "<group>";
		};
		7AD048F2EFF3919CC3CCAE4E /* Pods */ = {
			isa = PBXGroup;
			children = (
				514A5AB895E33880D154EFC6 /* Pods-Flowery.debug.xcconfig */,
				1B4B7DEF590796DE1A42DA04 /* Pods-Flowery.release.xcconfig */,
			);
			name = Pods;
			sourceTree = "<group>";
		};
/* End PBXGroup section */

/* Begin PBXNativeTarget section */
		3EC7D6412197272900CF2EAA /* Flowery */ = {
			isa = PBXNativeTarget;
			buildConfigurationList = 3EC7D6542197272B00CF2EAA /* Build configuration list for PBXNativeTarget "Flowery" */;
			buildPhases = (
				D23E8444724CF3EB837AE83E /* [CP] Check Pods Manifest.lock */,
				3EC7D63E2197272900CF2EAA /* Sources */,
				3EC7D63F2197272900CF2EAA /* Frameworks */,
				3EC7D6402197272900CF2EAA /* Resources */,
				8B73FFDCE33885C13A21E9D5 /* [CP] Embed Pods Frameworks */,
			);
			buildRules = (
			);
			dependencies = (
			);
			name = Flowery;
			productName = Flowery;
			productReference = 3EC7D6422197272900CF2EAA /* Flowery.app */;
			productType = "com.apple.product-type.application";
		};
/* End PBXNativeTarget section */

/* Begin PBXProject section */
		3EC7D63A2197272900CF2EAA /* Project object */ = {
			isa = PBXProject;
			attributes = {
				LastSwiftUpdateCheck = 1010;
				LastUpgradeCheck = 1010;
				ORGANIZATIONNAME = "Hector Mendoza";
				TargetAttributes = {
					3EC7D6412197272900CF2EAA = {
						CreatedOnToolsVersion = 10.1;
					};
				};
			};
			buildConfigurationList = 3EC7D63D2197272900CF2EAA /* Build configuration list for PBXProject "Flowery" */;
			compatibilityVersion = "Xcode 9.3";
			developmentRegion = en;
			hasScannedForEncodings = 0;
			knownRegions = (
				en,
				Base,
			);
			mainGroup = 3EC7D6392197272900CF2EAA;
			productRefGroup = 3EC7D6432197272900CF2EAA /* Products */;
			projectDirPath = "";
			projectRoot = "";
			targets = (
				3EC7D6412197272900CF2EAA /* Flowery */,
			);
		};
/* End PBXProject section */

/* Begin PBXResourcesBuildPhase section */
		3EC7D6402197272900CF2EAA /* Resources */ = {
			isa = PBXResourcesBuildPhase;
			buildActionMask = 2147483647;
			files = (
				3EC7D6502197272B00CF2EAA /* LaunchScreen.storyboard in Resources */,
				3EC7D64D2197272B00CF2EAA /* Assets.xcassets in Resources */,
				3EC7D64B2197272900CF2EAA /* Main.storyboard in Resources */,
			);
			runOnlyForDeploymentPostprocessing = 0;
		};
/* End PBXResourcesBuildPhase section */

/* Begin PBXShellScriptBuildPhase section */
		8B73FFDCE33885C13A21E9D5 /* [CP] Embed Pods Frameworks */ = {
			isa = PBXShellScriptBuildPhase;
			buildActionMask = 2147483647;
			files = (
			);
			inputFileListPaths = (
			);
			inputPaths = (
				"${SRCROOT}/Pods/Target Support Files/Pods-Flowery/Pods-Flowery-frameworks.sh",
				"${BUILT_PRODUCTS_DIR}/Alamofire/Alamofire.framework",
				"${BUILT_PRODUCTS_DIR}/ColorThiefSwift/ColorThiefSwift.framework",
				"${BUILT_PRODUCTS_DIR}/SDWebImage/SDWebImage.framework",
				"${BUILT_PRODUCTS_DIR}/SwiftyJSON/SwiftyJSON.framework",
			);
			name = "[CP] Embed Pods Frameworks";
			outputFileListPaths = (
			);
			outputPaths = (
				"${TARGET_BUILD_DIR}/${FRAMEWORKS_FOLDER_PATH}/Alamofire.framework",
				"${TARGET_BUILD_DIR}/${FRAMEWORKS_FOLDER_PATH}/ColorThiefSwift.framework",
				"${TARGET_BUILD_DIR}/${FRAMEWORKS_FOLDER_PATH}/SDWebImage.framework",
				"${TARGET_BUILD_DIR}/${FRAMEWORKS_FOLDER_PATH}/SwiftyJSON.framework",
			);
			runOnlyForDeploymentPostprocessing = 0;
			shellPath = /bin/sh;
			shellScript = "\"${SRCROOT}/Pods/Target Support Files/Pods-Flowery/Pods-Flowery-frameworks.sh\"\n";
			showEnvVarsInLog = 0;
		};
		D23E8444724CF3EB837AE83E /* [CP] Check Pods Manifest.lock */ = {
			isa = PBXShellScriptBuildPhase;
			buildActionMask = 2147483647;
			files = (
			);
			inputFileListPaths = (
			);
			inputPaths = (
				"${PODS_PODFILE_DIR_PATH}/Podfile.lock",
				"${PODS_ROOT}/Manifest.lock",
			);
			name = "[CP] Check Pods Manifest.lock";
			outputFileListPaths = (
			);
			outputPaths = (
				"$(DERIVED_FILE_DIR)/Pods-Flowery-checkManifestLockResult.txt",
			);
			runOnlyForDeploymentPostprocessing = 0;
			shellPath = /bin/sh;
			shellScript = "diff \"${PODS_PODFILE_DIR_PATH}/Podfile.lock\" \"${PODS_ROOT}/Manifest.lock\" > /dev/null\nif [ $? != 0 ] ; then\n    # print error to STDERR\n    echo \"error: The sandbox is not in sync with the Podfile.lock. Run 'pod install' or update your CocoaPods installation.\" >&2\n    exit 1\nfi\n# This output is used by Xcode 'outputs' to avoid re-running this script phase.\necho \"SUCCESS\" > \"${SCRIPT_OUTPUT_FILE_0}\"\n";
			showEnvVarsInLog = 0;
		};
/* End PBXShellScriptBuildPhase section */

/* Begin PBXSourcesBuildPhase section */
		3EC7D63E2197272900CF2EAA /* Sources */ = {
			isa = PBXSourcesBuildPhase;
			buildActionMask = 2147483647;
			files = (
				3EC7D6482197272900CF2EAA /* ViewController.swift in Sources */,
				3EC7D6462197272900CF2EAA /* AppDelegate.swift in Sources */,
			);
			runOnlyForDeploymentPostprocessing = 0;
		};
/* End PBXSourcesBuildPhase section */

/* Begin PBXVariantGroup section */
		3EC7D6492197272900CF2EAA /* Main.storyboard */ = {
			isa = PBXVariantGroup;
			children = (
				3EC7D64A2197272900CF2EAA /* Base */,
			);
			name = Main.storyboard;
			sourceTree = "<group>";
		};
		3EC7D64E2197272B00CF2EAA /* LaunchScreen.storyboard */ = {
			isa = PBXVariantGroup;
			children = (
				3EC7D64F2197272B00CF2EAA /* Base */,
			);
			name = LaunchScreen.storyboard;
			sourceTree = "<group>";
		};
/* End PBXVariantGroup section */

/* Begin XCBuildConfiguration section */
		3EC7D6522197272B00CF2EAA /* Debug */ = {
			isa = XCBuildConfiguration;
			buildSettings = {
				ALWAYS_SEARCH_USER_PATHS = NO;
				CLANG_ANALYZER_NONNULL = YES;
				CLANG_ANALYZER_NUMBER_OBJECT_CONVERSION = YES_AGGRESSIVE;
				CLANG_CXX_LANGUAGE_STANDARD = "gnu++14";
				CLANG_CXX_LIBRARY = "libc++";
				CLANG_ENABLE_MODULES = YES;
				CLANG_ENABLE_OBJC_ARC = YES;
				CLANG_ENABLE_OBJC_WEAK = YES;
				CLANG_WARN_BLOCK_CAPTURE_AUTORELEASING = YES;
				CLANG_WARN_BOOL_CONVERSION = YES;
				CLANG_WARN_COMMA = YES;
				CLANG_WARN_CONSTANT_CONVERSION = YES;
				CLANG_WARN_DEPRECATED_OBJC_IMPLEMENTATIONS = YES;
				CLANG_WARN_DIRECT_OBJC_ISA_USAGE = YES_ERROR;
				CLANG_WARN_DOCUMENTATION_COMMENTS = YES;
				CLANG_WARN_EMPTY_BODY = YES;
				CLANG_WARN_ENUM_CONVERSION = YES;
				CLANG_WARN_INFINITE_RECURSION = YES;
				CLANG_WARN_INT_CONVERSION = YES;
				CLANG_WARN_NON_LITERAL_NULL_CONVERSION = YES;
				CLANG_WARN_OBJC_IMPLICIT_RETAIN_SELF = YES;
				CLANG_WARN_OBJC_LITERAL_CONVERSION = YES;
				CLANG_WARN_OBJC_ROOT_CLASS = YES_ERROR;
				CLANG_WARN_RANGE_LOOP_ANALYSIS = YES;
				CLANG_WARN_STRICT_PROTOTYPES = YES;
				CLANG_WARN_SUSPICIOUS_MOVE = YES;
				CLANG_WARN_UNGUARDED_AVAILABILITY = YES_AGGRESSIVE;
				CLANG_WARN_UNREACHABLE_CODE = YES;
				CLANG_WARN__DUPLICATE_METHOD_MATCH = YES;
				CODE_SIGN_IDENTITY = "iPhone Developer";
				COPY_PHASE_STRIP = NO;
				DEBUG_INFORMATION_FORMAT = dwarf;
				ENABLE_STRICT_OBJC_MSGSEND = YES;
				ENABLE_TESTABILITY = YES;
				GCC_C_LANGUAGE_STANDARD = gnu11;
				GCC_DYNAMIC_NO_PIC = NO;
				GCC_NO_COMMON_BLOCKS = YES;
				GCC_OPTIMIZATION_LEVEL = 0;
				GCC_PREPROCESSOR_DEFINITIONS = (
					"DEBUG=1",
					"$(inherited)",
				);
				GCC_WARN_64_TO_32_BIT_CONVERSION = YES;
				GCC_WARN_ABOUT_RETURN_TYPE = YES_ERROR;
				GCC_WARN_UNDECLARED_SELECTOR = YES;
				GCC_WARN_UNINITIALIZED_AUTOS = YES_AGGRESSIVE;
				GCC_WARN_UNUSED_FUNCTION = YES;
				GCC_WARN_UNUSED_VARIABLE = YES;
				IPHONEOS_DEPLOYMENT_TARGET = 12.1;
				MTL_ENABLE_DEBUG_INFO = INCLUDE_SOURCE;
				MTL_FAST_MATH = YES;
				ONLY_ACTIVE_ARCH = YES;
				SDKROOT = iphoneos;
				SWIFT_ACTIVE_COMPILATION_CONDITIONS = DEBUG;
				SWIFT_OPTIMIZATION_LEVEL = "-Onone";
			};
			name = Debug;
		};
		3EC7D6532197272B00CF2EAA /* Release */ = {
			isa = XCBuildConfiguration;
			buildSettings = {
				ALWAYS_SEARCH_USER_PATHS = NO;
				CLANG_ANALYZER_NONNULL = YES;
				CLANG_ANALYZER_NUMBER_OBJECT_CONVERSION = YES_AGGRESSIVE;
				CLANG_CXX_LANGUAGE_STANDARD = "gnu++14";
				CLANG_CXX_LIBRARY = "libc++";
				CLANG_ENABLE_MODULES = YES;
				CLANG_ENABLE_OBJC_ARC = YES;
				CLANG_ENABLE_OBJC_WEAK = YES;
				CLANG_WARN_BLOCK_CAPTURE_AUTORELEASING = YES;
				CLANG_WARN_BOOL_CONVERSION = YES;
				CLANG_WARN_COMMA = YES;
				CLANG_WARN_CONSTANT_CONVERSION = YES;
				CLANG_WARN_DEPRECATED_OBJC_IMPLEMENTATIONS = YES;
				CLANG_WARN_DIRECT_OBJC_ISA_USAGE = YES_ERROR;
				CLANG_WARN_DOCUMENTATION_COMMENTS = YES;
				CLANG_WARN_EMPTY_BODY = YES;
				CLANG_WARN_ENUM_CONVERSION = YES;
				CLANG_WARN_INFINITE_RECURSION = YES;
				CLANG_WARN_INT_CONVERSION = YES;
				CLANG_WARN_NON_LITERAL_NULL_CONVERSION = YES;
				CLANG_WARN_OBJC_IMPLICIT_RETAIN_SELF = YES;
				CLANG_WARN_OBJC_LITERAL_CONVERSION = YES;
				CLANG_WARN_OBJC_ROOT_CLASS = YES_ERROR;
				CLANG_WARN_RANGE_LOOP_ANALYSIS = YES;
				CLANG_WARN_STRICT_PROTOTYPES = YES;
				CLANG_WARN_SUSPICIOUS_MOVE = YES;
				CLANG_WARN_UNGUARDED_AVAILABILITY = YES_AGGRESSIVE;
				CLANG_WARN_UNREACHABLE_CODE = YES;
				CLANG_WARN__DUPLICATE_METHOD_MATCH = YES;
				CODE_SIGN_IDENTITY = "iPhone Developer";
				COPY_PHASE_STRIP = NO;
				DEBUG_INFORMATION_FORMAT = "dwarf-with-dsym";
				ENABLE_NS_ASSERTIONS = NO;
				ENABLE_STRICT_OBJC_MSGSEND = YES;
				GCC_C_LANGUAGE_STANDARD = gnu11;
				GCC_NO_COMMON_BLOCKS = YES;
				GCC_WARN_64_TO_32_BIT_CONVERSION = YES;
				GCC_WARN_ABOUT_RETURN_TYPE = YES_ERROR;
				GCC_WARN_UNDECLARED_SELECTOR = YES;
				GCC_WARN_UNINITIALIZED_AUTOS = YES_AGGRESSIVE;
				GCC_WARN_UNUSED_FUNCTION = YES;
				GCC_WARN_UNUSED_VARIABLE = YES;
				IPHONEOS_DEPLOYMENT_TARGET = 12.1;
				MTL_ENABLE_DEBUG_INFO = NO;
				MTL_FAST_MATH = YES;
				SDKROOT = iphoneos;
				SWIFT_COMPILATION_MODE = wholemodule;
				SWIFT_OPTIMIZATION_LEVEL = "-O";
				VALIDATE_PRODUCT = YES;
			};
			name = Release;
		};
		3EC7D6552197272B00CF2EAA /* Debug */ = {
			isa = XCBuildConfiguration;
			baseConfigurationReference = 514A5AB895E33880D154EFC6 /* Pods-Flowery.debug.xcconfig */;
			buildSettings = {
				ASSETCATALOG_COMPILER_APPICON_NAME = AppIcon;
				CODE_SIGN_STYLE = Automatic;
				DEVELOPMENT_TEAM = T58BTBUXQN;
				INFOPLIST_FILE = Flowery/Info.plist;
				LD_RUNPATH_SEARCH_PATHS = (
					"$(inherited)",
					"@executable_path/Frameworks",
				);
				PRODUCT_BUNDLE_IDENTIFIER = com.mirlintox.Uber;
				PRODUCT_NAME = "$(TARGET_NAME)";
				SWIFT_VERSION = 4.2;
				TARGETED_DEVICE_FAMILY = "1,2";
			};
			name = Debug;
		};
		3EC7D6562197272B00CF2EAA /* Release */ = {
			isa = XCBuildConfiguration;
			baseConfigurationReference = 1B4B7DEF590796DE1A42DA04 /* Pods-Flowery.release.xcconfig */;
			buildSettings = {
				ASSETCATALOG_COMPILER_APPICON_NAME = AppIcon;
				CODE_SIGN_STYLE = Automatic;
				DEVELOPMENT_TEAM = T58BTBUXQN;
				INFOPLIST_FILE = Flowery/Info.plist;
				LD_RUNPATH_SEARCH_PATHS = (
					"$(inherited)",
					"@executable_path/Frameworks",
				);
				PRODUCT_BUNDLE_IDENTIFIER = com.mirlintox.Uber;
				PRODUCT_NAME = "$(TARGET_NAME)";
				SWIFT_VERSION = 4.2;
				TARGETED_DEVICE_FAMILY = "1,2";
			};
			name = Release;
		};
/* End XCBuildConfiguration section */

/* Begin XCConfigurationList section */
		3EC7D63D2197272900CF2EAA /* Build configuration list for PBXProject "Flowery" */ = {
			isa = XCConfigurationList;
			buildConfigurations = (
				3EC7D6522197272B00CF2EAA /* Debug */,
				3EC7D6532197272B00CF2EAA /* Release */,
			);
			defaultConfigurationIsVisible = 0;
			defaultConfigurationName = Release;
		};
		3EC7D6542197272B00CF2EAA /* Build configuration list for PBXNativeTarget "Flowery" */ = {
			isa = XCConfigurationList;
			buildConfigurations = (
				3EC7D6552197272B00CF2EAA /* Debug */,
				3EC7D6562197272B00CF2EAA /* Release */,
			);
			defaultConfigurationIsVisible = 0;
			defaultConfigurationName = Release;
		};
/* End XCConfigurationList section */
	};
	rootObject = 3EC7D63A2197272900CF2EAA /* Project object */;
}
